// !$*UTF8*$!
{
	archiveVersion = 1;
	classes = {
	};
	objectVersion = 50;
	objects = {

/* Begin PBXBuildFile section */
		F3AC484C238BD1F900E54F97 /* AppDelegate.swift in Sources */ = {isa = PBXBuildFile; fileRef = F3AC484B238BD1F900E54F97 /* AppDelegate.swift */; };
		F3AC484E238BD1F900E54F97 /* SceneDelegate.swift in Sources */ = {isa = PBXBuildFile; fileRef = F3AC484D238BD1F900E54F97 /* SceneDelegate.swift */; };
		F3AC4850238BD1F900E54F97 /* ViewController.swift in Sources */ = {isa = PBXBuildFile; fileRef = F3AC484F238BD1F900E54F97 /* ViewController.swift */; };
		F3AC4853238BD1F900E54F97 /* Main.storyboard in Resources */ = {isa = PBXBuildFile; fileRef = F3AC4851238BD1F900E54F97 /* Main.storyboard */; };
		F3AC4856238BD1F900E54F97 /* Background_Accel_Swift.xcdatamodeld in Sources */ = {isa = PBXBuildFile; fileRef = F3AC4854238BD1F900E54F97 /* Background_Accel_Swift.xcdatamodeld */; };
		F3AC4858238BD1FB00E54F97 /* Assets.xcassets in Resources */ = {isa = PBXBuildFile; fileRef = F3AC4857238BD1FB00E54F97 /* Assets.xcassets */; };
		F3AC485B238BD1FB00E54F97 /* LaunchScreen.storyboard in Resources */ = {isa = PBXBuildFile; fileRef = F3AC4859238BD1FB00E54F97 /* LaunchScreen.storyboard */; };
/* End PBXBuildFile section */

/* Begin PBXFileReference section */
		F3AC4848238BD1F900E54F97 /* Background-Accel-Swift.app */ = {isa = PBXFileReference; explicitFileType = wrapper.application; includeInIndex = 0; path = "Background-Accel-Swift.app"; sourceTree = BUILT_PRODUCTS_DIR; };
		F3AC484B238BD1F900E54F97 /* AppDelegate.swift */ = {isa = PBXFileReference; lastKnownFileType = sourcecode.swift; path = AppDelegate.swift; sourceTree = "<group>"; };
		F3AC484D238BD1F900E54F97 /* SceneDelegate.swift */ = {isa = PBXFileReference; lastKnownFileType = sourcecode.swift; path = SceneDelegate.swift; sourceTree = "<group>"; };
		F3AC484F238BD1F900E54F97 /* ViewController.swift */ = {isa = PBXFileReference; lastKnownFileType = sourcecode.swift; path = ViewController.swift; sourceTree = "<group>"; };
		F3AC4852238BD1F900E54F97 /* Base */ = {isa = PBXFileReference; lastKnownFileType = file.storyboard; name = Base; path = Base.lproj/Main.storyboard; sourceTree = "<group>"; };
		F3AC4855238BD1F900E54F97 /* Background_Accel_Swift.xcdatamodel */ = {isa = PBXFileReference; lastKnownFileType = wrapper.xcdatamodel; path = Background_Accel_Swift.xcdatamodel; sourceTree = "<group>"; };
		F3AC4857238BD1FB00E54F97 /* Assets.xcassets */ = {isa = PBXFileReference; lastKnownFileType = folder.assetcatalog; path = Assets.xcassets; sourceTree = "<group>"; };
		F3AC485A238BD1FB00E54F97 /* Base */ = {isa = PBXFileReference; lastKnownFileType = file.storyboard; name = Base; path = Base.lproj/LaunchScreen.storyboard; sourceTree = "<group>"; };
		F3AC485C238BD1FB00E54F97 /* Info.plist */ = {isa = PBXFileReference; lastKnownFileType = text.plist.xml; path = Info.plist; sourceTree = "<group>"; };
/* End PBXFileReference section */

/* Begin PBXFrameworksBuildPhase section */
		F3AC4845238BD1F900E54F97 /* Frameworks */ = {
			isa = PBXFrameworksBuildPhase;
			buildActionMask = 2147483647;
			files = (
			);
			runOnlyForDeploymentPostprocessing = 0;
		};
/* End PBXFrameworksBuildPhase section */

/* Begin PBXGroup section */
		F3AC483F238BD1F900E54F97 = {
			isa = PBXGroup;
			children = (
				F3AC484A238BD1F900E54F97 /* Background-Accel-Swift */,
				F3AC4849238BD1F900E54F97 /* Products */,
			);
			sourceTree = "<group>";
		};
		F3AC4849238BD1F900E54F97 /* Products */ = {
			isa = PBXGroup;
			children = (
				F3AC4848238BD1F900E54F97 /* Background-Accel-Swift.app */,
			);
			name = Products;
			sourceTree = "<group>";
		};
		F3AC484A238BD1F900E54F97 /* Background-Accel-Swift */ = {
			isa = PBXGroup;
			children = (
				F3AC484B238BD1F900E54F97 /* AppDelegate.swift */,
				F3AC484D238BD1F900E54F97 /* SceneDelegate.swift */,
				F3AC484F238BD1F900E54F97 /* ViewController.swift */,
				F3AC4851238BD1F900E54F97 /* Main.storyboard */,
				F3AC4857238BD1FB00E54F97 /* Assets.xcassets */,
				F3AC4859238BD1FB00E54F97 /* LaunchScreen.storyboard */,
				F3AC485C238BD1FB00E54F97 /* Info.plist */,
				F3AC4854238BD1F900E54F97 /* Background_Accel_Swift.xcdatamodeld */,
			);
			path = "Background-Accel-Swift";
			sourceTree = "<group>";
		};
/* End PBXGroup section */

/* Begin PBXNativeTarget section */
		F3AC4847238BD1F900E54F97 /* Background-Accel-Swift */ = {
			isa = PBXNativeTarget;
			buildConfigurationList = F3AC485F238BD1FB00E54F97 /* Build configuration list for PBXNativeTarget "Background-Accel-Swift" */;
			buildPhases = (
				F3AC4844238BD1F900E54F97 /* Sources */,
				F3AC4845238BD1F900E54F97 /* Frameworks */,
				F3AC4846238BD1F900E54F97 /* Resources */,
			);
			buildRules = (
			);
			dependencies = (
			);
			name = "Background-Accel-Swift";
			productName = "Background-Accel-Swift";
			productReference = F3AC4848238BD1F900E54F97 /* Background-Accel-Swift.app */;
			productType = "com.apple.product-type.application";
		};
/* End PBXNativeTarget section */

/* Begin PBXProject section */
		F3AC4840238BD1F900E54F97 /* Project object */ = {
			isa = PBXProject;
			attributes = {
				LastSwiftUpdateCheck = 1110;
				LastUpgradeCheck = 1110;
				ORGANIZATIONNAME = "新納真次郎";
				TargetAttributes = {
					F3AC4847238BD1F900E54F97 = {
						CreatedOnToolsVersion = 11.1;
					};
				};
			};
			buildConfigurationList = F3AC4843238BD1F900E54F97 /* Build configuration list for PBXProject "Background-Accel-Swift" */;
			compatibilityVersion = "Xcode 9.3";
			developmentRegion = en;
			hasScannedForEncodings = 0;
			knownRegions = (
				en,
				Base,
			);
			mainGroup = F3AC483F238BD1F900E54F97;
			productRefGroup = F3AC4849238BD1F900E54F97 /* Products */;
			projectDirPath = "";
			projectRoot = "";
			targets = (
				F3AC4847238BD1F900E54F97 /* Background-Accel-Swift */,
			);
		};
/* End PBXProject section */

/* Begin PBXResourcesBuildPhase section */
		F3AC4846238BD1F900E54F97 /* Resources */ = {
			isa = PBXResourcesBuildPhase;
			buildActionMask = 2147483647;
			files = (
				F3AC485B238BD1FB00E54F97 /* LaunchScreen.storyboard in Resources */,
				F3AC4858238BD1FB00E54F97 /* Assets.xcassets in Resources */,
				F3AC4853238BD1F900E54F97 /* Main.storyboard in Resources */,
			);
			runOnlyForDeploymentPostprocessing = 0;
		};
/* End PBXResourcesBuildPhase section */

/* Begin PBXSourcesBuildPhase section */
		F3AC4844238BD1F900E54F97 /* Sources */ = {
			isa = PBXSourcesBuildPhase;
			buildActionMask = 2147483647;
			files = (
				F3AC4850238BD1F900E54F97 /* ViewController.swift in Sources */,
				F3AC484C238BD1F900E54F97 /* AppDelegate.swift in Sources */,
				F3AC4856238BD1F900E54F97 /* Background_Accel_Swift.xcdatamodeld in Sources */,
				F3AC484E238BD1F900E54F97 /* SceneDelegate.swift in Sources */,
			);
			runOnlyForDeploymentPostprocessing = 0;
		};
/* End PBXSourcesBuildPhase section */

/* Begin PBXVariantGroup section */
		F3AC4851238BD1F900E54F97 /* Main.storyboard */ = {
			isa = PBXVariantGroup;
			children = (
				F3AC4852238BD1F900E54F97 /* Base */,
			);
			name = Main.storyboard;
			sourceTree = "<group>";
		};
		F3AC4859238BD1FB00E54F97 /* LaunchScreen.storyboard */ = {
			isa = PBXVariantGroup;
			children = (
				F3AC485A238BD1FB00E54F97 /* Base */,
			);
			name = LaunchScreen.storyboard;
			sourceTree = "<group>";
		};
/* End PBXVariantGroup section */

/* Begin XCBuildConfiguration section */
		F3AC485D238BD1FB00E54F97 /* Debug */ = {
			isa = XCBuildConfiguration;
			buildSettings = {
				ALWAYS_SEARCH_USER_PATHS = NO;
				CLANG_ANALYZER_NONNULL = YES;
				CLANG_ANALYZER_NUMBER_OBJECT_CONVERSION = YES_AGGRESSIVE;
				CLANG_CXX_LANGUAGE_STANDARD = "gnu++14";
				CLANG_CXX_LIBRARY = "libc++";
				CLANG_ENABLE_MODULES = YES;
				CLANG_ENABLE_OBJC_ARC = YES;
				CLANG_ENABLE_OBJC_WEAK = YES;
				CLANG_WARN_BLOCK_CAPTURE_AUTORELEASING = YES;
				CLANG_WARN_BOOL_CONVERSION = YES;
				CLANG_WARN_COMMA = YES;
				CLANG_WARN_CONSTANT_CONVERSION = YES;
				CLANG_WARN_DEPRECATED_OBJC_IMPLEMENTATIONS = YES;
				CLANG_WARN_DIRECT_OBJC_ISA_USAGE = YES_ERROR;
				CLANG_WARN_DOCUMENTATION_COMMENTS = YES;
				CLANG_WARN_EMPTY_BODY = YES;
				CLANG_WARN_ENUM_CONVERSION = YES;
				CLANG_WARN_INFINITE_RECURSION = YES;
				CLANG_WARN_INT_CONVERSION = YES;
				CLANG_WARN_NON_LITERAL_NULL_CONVERSION = YES;
				CLANG_WARN_OBJC_IMPLICIT_RETAIN_SELF = YES;
				CLANG_WARN_OBJC_LITERAL_CONVERSION = YES;
				CLANG_WARN_OBJC_ROOT_CLASS = YES_ERROR;
				CLANG_WARN_RANGE_LOOP_ANALYSIS = YES;
				CLANG_WARN_STRICT_PROTOTYPES = YES;
				CLANG_WARN_SUSPICIOUS_MOVE = YES;
				CLANG_WARN_UNGUARDED_AVAILABILITY = YES_AGGRESSIVE;
				CLANG_WARN_UNREACHABLE_CODE = YES;
				CLANG_WARN__DUPLICATE_METHOD_MATCH = YES;
				COPY_PHASE_STRIP = NO;
				DEBUG_INFORMATION_FORMAT = dwarf;
				ENABLE_STRICT_OBJC_MSGSEND = YES;
				ENABLE_TESTABILITY = YES;
				GCC_C_LANGUAGE_STANDARD = gnu11;
				GCC_DYNAMIC_NO_PIC = NO;
				GCC_NO_COMMON_BLOCKS = YES;
				GCC_OPTIMIZATION_LEVEL = 0;
				GCC_PREPROCESSOR_DEFINITIONS = (
					"DEBUG=1",
					"$(inherited)",
				);
				GCC_WARN_64_TO_32_BIT_CONVERSION = YES;
				GCC_WARN_ABOUT_RETURN_TYPE = YES_ERROR;
				GCC_WARN_UNDECLARED_SELECTOR = YES;
				GCC_WARN_UNINITIALIZED_AUTOS = YES_AGGRESSIVE;
				GCC_WARN_UNUSED_FUNCTION = YES;
				GCC_WARN_UNUSED_VARIABLE = YES;
				IPHONEOS_DEPLOYMENT_TARGET = 13.1;
				MTL_ENABLE_DEBUG_INFO = INCLUDE_SOURCE;
				MTL_FAST_MATH = YES;
				ONLY_ACTIVE_ARCH = YES;
				SDKROOT = iphoneos;
				SWIFT_ACTIVE_COMPILATION_CONDITIONS = DEBUG;
				SWIFT_OPTIMIZATION_LEVEL = "-Onone";
			};
			name = Debug;
		};
		F3AC485E238BD1FB00E54F97 /* Release */ = {
			isa = XCBuildConfiguration;
			buildSettings = {
				ALWAYS_SEARCH_USER_PATHS = NO;
				CLANG_ANALYZER_NONNULL = YES;
				CLANG_ANALYZER_NUMBER_OBJECT_CONVERSION = YES_AGGRESSIVE;
				CLANG_CXX_LANGUAGE_STANDARD = "gnu++14";
				CLANG_CXX_LIBRARY = "libc++";
				CLANG_ENABLE_MODULES = YES;
				CLANG_ENABLE_OBJC_ARC = YES;
				CLANG_ENABLE_OBJC_WEAK = YES;
				CLANG_WARN_BLOCK_CAPTURE_AUTORELEASING = YES;
				CLANG_WARN_BOOL_CONVERSION = YES;
				CLANG_WARN_COMMA = YES;
				CLANG_WARN_CONSTANT_CONVERSION = YES;
				CLANG_WARN_DEPRECATED_OBJC_IMPLEMENTATIONS = YES;
				CLANG_WARN_DIRECT_OBJC_ISA_USAGE = YES_ERROR;
				CLANG_WARN_DOCUMENTATION_COMMENTS = YES;
				CLANG_WARN_EMPTY_BODY = YES;
				CLANG_WARN_ENUM_CONVERSION = YES;
				CLANG_WARN_INFINITE_RECURSION = YES;
				CLANG_WARN_INT_CONVERSION = YES;
				CLANG_WARN_NON_LITERAL_NULL_CONVERSION = YES;
				CLANG_WARN_OBJC_IMPLICIT_RETAIN_SELF = YES;
				CLANG_WARN_OBJC_LITERAL_CONVERSION = YES;
				CLANG_WARN_OBJC_ROOT_CLASS = YES_ERROR;
				CLANG_WARN_RANGE_LOOP_ANALYSIS = YES;
				CLANG_WARN_STRICT_PROTOTYPES = YES;
				CLANG_WARN_SUSPICIOUS_MOVE = YES;
				CLANG_WARN_UNGUARDED_AVAILABILITY = YES_AGGRESSIVE;
				CLANG_WARN_UNREACHABLE_CODE = YES;
				CLANG_WARN__DUPLICATE_METHOD_MATCH = YES;
				COPY_PHASE_STRIP = NO;
				DEBUG_INFORMATION_FORMAT = "dwarf-with-dsym";
				ENABLE_NS_ASSERTIONS = NO;
				ENABLE_STRICT_OBJC_MSGSEND = YES;
				GCC_C_LANGUAGE_STANDARD = gnu11;
				GCC_NO_COMMON_BLOCKS = YES;
				GCC_WARN_64_TO_32_BIT_CONVERSION = YES;
				GCC_WARN_ABOUT_RETURN_TYPE = YES_ERROR;
				GCC_WARN_UNDECLARED_SELECTOR = YES;
				GCC_WARN_UNINITIALIZED_AUTOS = YES_AGGRESSIVE;
				GCC_WARN_UNUSED_FUNCTION = YES;
				GCC_WARN_UNUSED_VARIABLE = YES;
				IPHONEOS_DEPLOYMENT_TARGET = 13.1;
				MTL_ENABLE_DEBUG_INFO = NO;
				MTL_FAST_MATH = YES;
				SDKROOT = iphoneos;
				SWIFT_COMPILATION_MODE = wholemodule;
				SWIFT_OPTIMIZATION_LEVEL = "-O";
				VALIDATE_PRODUCT = YES;
			};
			name = Release;
		};
		F3AC4860238BD1FB00E54F97 /* Debug */ = {
			isa = XCBuildConfiguration;
			buildSettings = {
				ASSETCATALOG_COMPILER_APPICON_NAME = AppIcon;
				CODE_SIGN_STYLE = Automatic;
				DEVELOPMENT_TEAM = T8YPT438X6;
				INFOPLIST_FILE = "Background-Accel-Swift/Info.plist";
				LD_RUNPATH_SEARCH_PATHS = (
					"$(inherited)",
					"@executable_path/Frameworks",
				);
				PRODUCT_BUNDLE_IDENTIFIER = "Nakamura-labProject.Background-Accel-Swift";
				PRODUCT_NAME = "$(TARGET_NAME)";
				SWIFT_VERSION = 5.0;
				TARGETED_DEVICE_FAMILY = "1,2";
			};
			name = Debug;
		};
		F3AC4861238BD1FB00E54F97 /* Release */ = {
			isa = XCBuildConfiguration;
			buildSettings = {
				ASSETCATALOG_COMPILER_APPICON_NAME = AppIcon;
				CODE_SIGN_STYLE = Automatic;
				DEVELOPMENT_TEAM = T8YPT438X6;
				INFOPLIST_FILE = "Background-Accel-Swift/Info.plist";
				LD_RUNPATH_SEARCH_PATHS = (
					"$(inherited)",
					"@executable_path/Frameworks",
				);
				PRODUCT_BUNDLE_IDENTIFIER = "Nakamura-labProject.Background-Accel-Swift";
				PRODUCT_NAME = "$(TARGET_NAME)";
				SWIFT_VERSION = 5.0;
				TARGETED_DEVICE_FAMILY = "1,2";
			};
			name = Release;
		};
/* End XCBuildConfiguration section */

/* Begin XCConfigurationList section */
		F3AC4843238BD1F900E54F97 /* Build configuration list for PBXProject "Background-Accel-Swift" */ = {
			isa = XCConfigurationList;
			buildConfigurations = (
				F3AC485D238BD1FB00E54F97 /* Debug */,
				F3AC485E238BD1FB00E54F97 /* Release */,
			);
			defaultConfigurationIsVisible = 0;
			defaultConfigurationName = Release;
		};
		F3AC485F238BD1FB00E54F97 /* Build configuration list for PBXNativeTarget "Background-Accel-Swift" */ = {
			isa = XCConfigurationList;
			buildConfigurations = (
				F3AC4860238BD1FB00E54F97 /* Debug */,
				F3AC4861238BD1FB00E54F97 /* Release */,
			);
			defaultConfigurationIsVisible = 0;
			defaultConfigurationName = Release;
		};
/* End XCConfigurationList section */

/* Begin XCVersionGroup section */
		F3AC4854238BD1F900E54F97 /* Background_Accel_Swift.xcdatamodeld */ = {
			isa = XCVersionGroup;
			children = (
				F3AC4855238BD1F900E54F97 /* Background_Accel_Swift.xcdatamodel */,
			);
			currentVersion = F3AC4855238BD1F900E54F97 /* Background_Accel_Swift.xcdatamodel */;
			path = Background_Accel_Swift.xcdatamodeld;
			sourceTree = "<group>";
			versionGroupType = wrapper.xcdatamodel;
		};
/* End XCVersionGroup section */
	};
	rootObject = F3AC4840238BD1F900E54F97 /* Project object */;
}
